
Microsoft Visual Studio Solution File, Format Version 12.00
# Visual Studio 15
VisualStudioVersion = 15.0.26124.0
MinimumVisualStudioVersion = 15.0.26124.0
Project("{F2A71F9B-5D33-465A-A702-920D77279786}") = "Server", "Server\Server.fsproj", "{DAAA8666-9517-439D-BE91-2105DBB9E6B2}"
EndProject
Project("{F2A71F9B-5D33-465A-A702-920D77279786}") = "MiniSuave", "MiniSuave\MiniSuave.fsproj", "{BE4E394B-AF7E-4AA2-B444-A6C3587BFEEA}"
EndProject
Global
	GlobalSection(SolutionConfigurationPlatforms) = preSolution
		Debug|Any CPU = Debug|Any CPU
		Debug|x64 = Debug|x64
		Debug|x86 = Debug|x86
		Release|Any CPU = Release|Any CPU
		Release|x64 = Release|x64
		Release|x86 = Release|x86
	EndGlobalSection
	GlobalSection(SolutionProperties) = preSolution
		HideSolutionNode = FALSE
	EndGlobalSection
	GlobalSection(ProjectConfigurationPlatforms) = postSolution
		{DAAA8666-9517-439D-BE91-2105DBB9E6B2}.Debug|Any CPU.ActiveCfg = Debug|Any CPU
		{DAAA8666-9517-439D-BE91-2105DBB9E6B2}.Debug|Any CPU.Build.0 = Debug|Any CPU
		{DAAA8666-9517-439D-BE91-2105DBB9E6B2}.Debug|x64.ActiveCfg = Debug|x64
		{DAAA8666-9517-439D-BE91-2105DBB9E6B2}.Debug|x64.Build.0 = Debug|x64
		{DAAA8666-9517-439D-BE91-2105DBB9E6B2}.Debug|x86.ActiveCfg = Debug|x86
		{DAAA8666-9517-439D-BE91-2105DBB9E6B2}.Debug|x86.Build.0 = Debug|x86
		{DAAA8666-9517-439D-BE91-2105DBB9E6B2}.Release|Any CPU.ActiveCfg = Release|Any CPU
		{DAAA8666-9517-439D-BE91-2105DBB9E6B2}.Release|Any CPU.Build.0 = Release|Any CPU
		{DAAA8666-9517-439D-BE91-2105DBB9E6B2}.Release|x64.ActiveCfg = Release|x64
		{DAAA8666-9517-439D-BE91-2105DBB9E6B2}.Release|x64.Build.0 = Release|x64
		{DAAA8666-9517-439D-BE91-2105DBB9E6B2}.Release|x86.ActiveCfg = Release|x86
		{DAAA8666-9517-439D-BE91-2105DBB9E6B2}.Release|x86.Build.0 = Release|x86
		{BE4E394B-AF7E-4AA2-B444-A6C3587BFEEA}.Debug|Any CPU.ActiveCfg = Debug|Any CPU
		{BE4E394B-AF7E-4AA2-B444-A6C3587BFEEA}.Debug|Any CPU.Build.0 = Debug|Any CPU
		{BE4E394B-AF7E-4AA2-B444-A6C3587BFEEA}.Debug|x64.ActiveCfg = Debug|x64
		{BE4E394B-AF7E-4AA2-B444-A6C3587BFEEA}.Debug|x64.Build.0 = Debug|x64
		{BE4E394B-AF7E-4AA2-B444-A6C3587BFEEA}.Debug|x86.ActiveCfg = Debug|x86
		{BE4E394B-AF7E-4AA2-B444-A6C3587BFEEA}.Debug|x86.Build.0 = Debug|x86
		{BE4E394B-AF7E-4AA2-B444-A6C3587BFEEA}.Release|Any CPU.ActiveCfg = Release|Any CPU
		{BE4E394B-AF7E-4AA2-B444-A6C3587BFEEA}.Release|Any CPU.Build.0 = Release|Any CPU
		{BE4E394B-AF7E-4AA2-B444-A6C3587BFEEA}.Release|x64.ActiveCfg = Release|x64
		{BE4E394B-AF7E-4AA2-B444-A6C3587BFEEA}.Release|x64.Build.0 = Release|x64
		{BE4E394B-AF7E-4AA2-B444-A6C3587BFEEA}.Release|x86.ActiveCfg = Release|x86
		{BE4E394B-AF7E-4AA2-B444-A6C3587BFEEA}.Release|x86.Build.0 = Release|x86
	EndGlobalSection
EndGlobal
